
Microsoft Visual Studio Solution File, Format Version 12.00
# Visual Studio Version 16
VisualStudioVersion = 16.0.32630.194
MinimumVisualStudioVersion = 10.0.40219.1
Project("{FAE04EC0-301F-11D3-BF4B-00C04F79EFBC}") = "BasicUtils", "BasicUtils\BasicUtils.csproj", "{C75F0DBF-C7B2-427B-B075-B6EBA6EDEB55}"
EndProject
Project("{FAE04EC0-301F-11D3-BF4B-00C04F79EFBC}") = "TDDLab.Core", "TDDLab.Core\TDDLab.Core.csproj", "{0C0EE877-9D2F-46DC-9300-EB8093D32131}"
EndProject
Project("{FAE04EC0-301F-11D3-BF4B-00C04F79EFBC}") = "Tests", "Tests\Tests.csproj", "{F336601E-FCDB-4612-8EB2-AE33D84659F4}"
EndProject
Global
	GlobalSection(SolutionConfigurationPlatforms) = preSolution
		Debug|Any CPU = Debug|Any CPU
		Release|Any CPU = Release|Any CPU
	EndGlobalSection
	GlobalSection(ProjectConfigurationPlatforms) = postSolution
		{C75F0DBF-C7B2-427B-B075-B6EBA6EDEB55}.Debug|Any CPU.ActiveCfg = Debug|Any CPU
		{C75F0DBF-C7B2-427B-B075-B6EBA6EDEB55}.Debug|Any CPU.Build.0 = Debug|Any CPU
		{C75F0DBF-C7B2-427B-B075-B6EBA6EDEB55}.Release|Any CPU.ActiveCfg = Release|Any CPU
		{C75F0DBF-C7B2-427B-B075-B6EBA6EDEB55}.Release|Any CPU.Build.0 = Release|Any CPU
		{0C0EE877-9D2F-46DC-9300-EB8093D32131}.Debug|Any CPU.ActiveCfg = Debug|Any CPU
		{0C0EE877-9D2F-46DC-9300-EB8093D32131}.Debug|Any CPU.Build.0 = Debug|Any CPU
		{0C0EE877-9D2F-46DC-9300-EB8093D32131}.Release|Any CPU.ActiveCfg = Release|Any CPU
		{0C0EE877-9D2F-46DC-9300-EB8093D32131}.Release|Any CPU.Build.0 = Release|Any CPU
		{F336601E-FCDB-4612-8EB2-AE33D84659F4}.Debug|Any CPU.ActiveCfg = Debug|Any CPU
		{F336601E-FCDB-4612-8EB2-AE33D84659F4}.Debug|Any CPU.Build.0 = Debug|Any CPU
		{F336601E-FCDB-4612-8EB2-AE33D84659F4}.Release|Any CPU.ActiveCfg = Release|Any CPU
		{F336601E-FCDB-4612-8EB2-AE33D84659F4}.Release|Any CPU.Build.0 = Release|Any CPU
	EndGlobalSection
	GlobalSection(SolutionProperties) = preSolution
		HideSolutionNode = FALSE
	EndGlobalSection
	GlobalSection(ExtensibilityGlobals) = postSolution
		SolutionGuid = {492844B0-1C24-4BE4-8DF4-DD20ED0A0A2F}
	EndGlobalSection
EndGlobal
